PODS:
  - FirebaseCore (6.0.0):
    - GoogleUtilities/Environment (~> 6.0)
    - GoogleUtilities/Logger (~> 6.0)
  - FirebaseInstanceID (4.0.0):
    - FirebaseCore (~> 6.0)
    - GoogleUtilities/Environment (~> 6.0)
    - GoogleUtilities/UserDefaults (~> 6.0)
  - FirebaseMLCommon (0.16.0):
    - FirebaseCore (~> 6.0)
    - FirebaseInstanceID (~> 4.0)
    - GoogleUtilities/UserDefaults (~> 6.0)
    - GTMSessionFetcher/Core (~> 1.1)
  - FirebaseMLVision (0.16.0):
    - FirebaseCore (~> 6.0)
    - FirebaseMLCommon (~> 0.16)
    - GoogleAPIClientForREST/Core (~> 1.3)
    - GoogleAPIClientForREST/Vision (~> 1.3)
    - GoogleMobileVision/Detector (~> 1.4)
  - FirebaseMLVisionAutoML (0.16.0):
    - FirebaseCore (~> 6.0)
    - FirebaseMLCommon (~> 0.16)
    - FirebaseMLVision (~> 0.16)
    - TensorFlowLite (= 1.13.1)
  - GoogleAPIClientForREST/Core (1.3.8):
    - GTMSessionFetcher (>= 1.1.7)
  - GoogleAPIClientForREST/Vision (1.3.8):
    - GoogleAPIClientForREST/Core
    - GTMSessionFetcher (>= 1.1.7)
  - GoogleMobileVision/Detector (1.6.0):
    - GoogleToolboxForMac/Logger (~> 2.1)
    - "GoogleToolboxForMac/NSData+zlib (~> 2.1)"
    - GTMSessionFetcher/Core (~> 1.1)
    - Protobuf (~> 3.1)
  - GoogleToolboxForMac/Defines (2.2.0)
  - GoogleToolboxForMac/Logger (2.2.0):
    - GoogleToolboxForMac/Defines (= 2.2.0)
  - "GoogleToolboxForMac/NSData+zlib (2.2.0)":
    - GoogleToolboxForMac/Defines (= 2.2.0)
  - GoogleUtilities/Environment (6.0.0)
  - GoogleUtilities/Logger (6.0.0):
    - GoogleUtilities/Environment
  - GoogleUtilities/UserDefaults (6.0.0):
    - GoogleUtilities/Logger
  - GTMSessionFetcher (1.2.1):
    - GTMSessionFetcher/Full (= 1.2.1)
  - GTMSessionFetcher/Core (1.2.1)
  - GTMSessionFetcher/Full (1.2.1):
    - GTMSessionFetcher/Core (= 1.2.1)
  - Protobuf (3.7.0)
  - TensorFlowLite (1.13.1)

DEPENDENCIES:
  - FirebaseMLCommon (= 0.16.0)
  - FirebaseMLVision (= 0.16.0)
  - FirebaseMLVisionAutoML (= 0.16.0)

SPEC REPOS:
  https://github.com/cocoapods/specs.git:
    - FirebaseCore
    - FirebaseInstanceID
    - FirebaseMLCommon
    - FirebaseMLVision
    - FirebaseMLVisionAutoML
    - GoogleAPIClientForREST
    - GoogleMobileVision
    - GoogleToolboxForMac
    - GoogleUtilities
    - GTMSessionFetcher
    - Protobuf
    - TensorFlowLite

SPEC CHECKSUMS:
  FirebaseCore: e38f025287b413255a53acc1945d048a112047f7
  FirebaseInstanceID: 0e0348a3c00a734fa376a070f5ad4533ad975cb5
  FirebaseMLCommon: d430756ba2a16bac8fefc81ea416e7f822f052fd
  FirebaseMLVision: 35d0a720334b141d70a55e7e817c1cac23f32285
  FirebaseMLVisionAutoML: ce20b5b0e169cafa07f5bf61048a86aa7df6232c
  GoogleAPIClientForREST: 5447a194eae517986cafe6421a5330b80b820591
  GoogleMobileVision: 31cfb4319fd0c03d80105680abd9eae9da5e3b47
  GoogleToolboxForMac: ff31605b7d66400dcec09bed5861689aebadda4d
  GoogleUtilities: f1faafc033ea203adf1783ce00af455bb99d0e5b
  GTMSessionFetcher: 32aeca0aa144acea523e1c8e053089dec2cb98ca
  Protobuf: 7a877b7f3e5964e3fce995e2eb323dbc6831bb5a
  TensorFlowLite: 8b9dc4eb32eac0f8cb660c66bca7604da56dcc5a

PODFILE CHECKSUM: 66423bd622fd64de3d822190e84cb0430f513653

COCOAPODS: 1.5.3
